dependencies:
- name: redis
  repository: oci://registry-1.docker.io/bitnamicharts
  version: 20.13.4
- name: mongodb
  repository: oci://registry-1.docker.io/bitnamicharts
  version: 16.5.45
digest: sha256:34989c90b3ffc525fd4739d27348b8cae37a36b5990f1ac09d56de657a188757
generated: "2026-03-13T12:10:41.9385979Z"
