dependencies:
- name: redis
  repository: oci://registry-1.docker.io/bitnamicharts
  version: 25.3.12
- name: mongodb
  repository: oci://registry-1.docker.io/bitnamicharts
  version: 16.5.1
digest: sha256:389ce646de5a3c3ad89720211f7ea7912144592b596cdb4b409601ebb9edac34
generated: "2026-04-22T03:02:09.271673179Z"
